
Microsoft Visual Studio Solution File, Format Version 12.00
# Visual Studio Version 17
VisualStudioVersion = 17.12.35527.113
MinimumVisualStudioVersion = 10.0.40219.1
Project("{FAE04EC0-301F-11D3-BF4B-00C04F79EFBC}") = "Temp24LivePage", "Temp24LivePage\Temp24LivePage\Temp24LivePage.csproj", "{E9C2A07A-164A-40BF-BD56-4CC06A986BD8}"
EndProject
Project("{FAE04EC0-301F-11D3-BF4B-00C04F79EFBC}") = "Temp24LivePage.Client", "Temp24LivePage\Temp24LivePage.Client\Temp24LivePage.Client.csproj", "{17434CC9-B01E-4A18-B9BF-A3874CDF406C}"
EndProject
Global
	GlobalSection(SolutionConfigurationPlatforms) = preSolution
		Debug|Any CPU = Debug|Any CPU
		Release|Any CPU = Release|Any CPU
	EndGlobalSection
	GlobalSection(ProjectConfigurationPlatforms) = postSolution
		{E9C2A07A-164A-40BF-BD56-4CC06A986BD8}.Debug|Any CPU.ActiveCfg = Debug|Any CPU
		{E9C2A07A-164A-40BF-BD56-4CC06A986BD8}.Debug|Any CPU.Build.0 = Debug|Any CPU
		{E9C2A07A-164A-40BF-BD56-4CC06A986BD8}.Release|Any CPU.ActiveCfg = Release|Any CPU
		{E9C2A07A-164A-40BF-BD56-4CC06A986BD8}.Release|Any CPU.Build.0 = Release|Any CPU
		{17434CC9-B01E-4A18-B9BF-A3874CDF406C}.Debug|Any CPU.ActiveCfg = Debug|Any CPU
		{17434CC9-B01E-4A18-B9BF-A3874CDF406C}.Debug|Any CPU.Build.0 = Debug|Any CPU
		{17434CC9-B01E-4A18-B9BF-A3874CDF406C}.Release|Any CPU.ActiveCfg = Release|Any CPU
		{17434CC9-B01E-4A18-B9BF-A3874CDF406C}.Release|Any CPU.Build.0 = Release|Any CPU
	EndGlobalSection
	GlobalSection(SolutionProperties) = preSolution
		HideSolutionNode = FALSE
	EndGlobalSection
EndGlobal
